
Microsoft Visual Studio Solution File, Format Version 12.00
# Visual Studio Version 17
VisualStudioVersion = 17.7.34202.233
MinimumVisualStudioVersion = 10.0.40219.1
Project("{FAE04EC0-301F-11D3-BF4B-00C04F79EFBC}") = "ТЗ С#", "ТЗ С#.csproj", "{6762ADDD-F409-4647-9EE6-2F8136625BC3}"
EndProject
Global
	GlobalSection(SolutionConfigurationPlatforms) = preSolution
		Debug|Any CPU = Debug|Any CPU
		Release|Any CPU = Release|Any CPU
	EndGlobalSection
	GlobalSection(ProjectConfigurationPlatforms) = postSolution
		{6762ADDD-F409-4647-9EE6-2F8136625BC3}.Debug|Any CPU.ActiveCfg = Debug|Any CPU
		{6762ADDD-F409-4647-9EE6-2F8136625BC3}.Debug|Any CPU.Build.0 = Debug|Any CPU
		{6762ADDD-F409-4647-9EE6-2F8136625BC3}.Release|Any CPU.ActiveCfg = Release|Any CPU
		{6762ADDD-F409-4647-9EE6-2F8136625BC3}.Release|Any CPU.Build.0 = Release|Any CPU
	EndGlobalSection
	GlobalSection(SolutionProperties) = preSolution
		HideSolutionNode = FALSE
	EndGlobalSection
	GlobalSection(ExtensibilityGlobals) = postSolution
		SolutionGuid = {C132B3E9-56EF-41BB-AEA0-C1B8D171362C}
	EndGlobalSection
EndGlobal
